// !$*UTF8*$!
{
	archiveVersion = 1;
	classes = {
	};
	objectVersion = 50;
	objects = {

/* Begin PBXBuildFile section */
		FE14B29824390907000AA8D7 /* main.cpp in Sources */ = {isa = PBXBuildFile; fileRef = FE14B29724390907000AA8D7 /* main.cpp */; };
/* End PBXBuildFile section */

/* Begin PBXFileReference section */
		FE14B29424390907000AA8D7 /* Sorting_Algorithm_Visualizer */ = {isa = PBXFileReference; explicitFileType = "compiled.mach-o.executable"; includeInIndex = 0; path = Sorting_Algorithm_Visualizer; sourceTree = BUILT_PRODUCTS_DIR; };
		FE14B29724390907000AA8D7 /* main.cpp */ = {isa = PBXFileReference; lastKnownFileType = sourcecode.cpp.cpp; path = main.cpp; sourceTree = "<group>"; };
		FE14B29A24390907000AA8D7 /* cute_image.jpg */ = {isa = PBXFileReference; lastKnownFileType = image.jpeg; name = cute_image.jpg; path = ../cute_image.jpg; sourceTree = "<group>"; };
		FE14B29B24390907000AA8D7 /* nice_music.ogg */ = {isa = PBXFileReference; lastKnownFileType = file; name = nice_music.ogg; path = ../nice_music.ogg; sourceTree = "<group>"; };
		FE14B29C24390907000AA8D7 /* sansation.ttf */ = {isa = PBXFileReference; lastKnownFileType = file; name = sansation.ttf; path = ../sansation.ttf; sourceTree = "<group>"; };
		FE14B29D24390907000AA8D7 /* icon.png */ = {isa = PBXFileReference; lastKnownFileType = image.png; name = icon.png; path = ../icon.png; sourceTree = "<group>"; };
/* End PBXFileReference section */

/* Begin PBXFrameworksBuildPhase section */
		FE14B29224390907000AA8D7 /* Frameworks */ = {
			isa = PBXFrameworksBuildPhase;
			buildActionMask = 2147483647;
			files = (
			);
			runOnlyForDeploymentPostprocessing = 0;
		};
/* End PBXFrameworksBuildPhase section */

/* Begin PBXGroup section */
		FE14B28C24390907000AA8D7 = {
			isa = PBXGroup;
			children = (
				FE14B29624390907000AA8D7 /* Sorting_Algorithm_Visualizer */,
				FE14B29524390907000AA8D7 /* Products */,
			);
			sourceTree = "<group>";
		};
		FE14B29524390907000AA8D7 /* Products */ = {
			isa = PBXGroup;
			children = (
				FE14B29424390907000AA8D7 /* Sorting_Algorithm_Visualizer */,
			);
			name = Products;
			sourceTree = "<group>";
		};
		FE14B29624390907000AA8D7 /* Sorting_Algorithm_Visualizer */ = {
			isa = PBXGroup;
			children = (
				FE14B29724390907000AA8D7 /* main.cpp */,
				FE14B29924390907000AA8D7 /* Resources */,
			);
			path = Sorting_Algorithm_Visualizer;
			sourceTree = "<group>";
		};
		FE14B29924390907000AA8D7 /* Resources */ = {
			isa = PBXGroup;
			children = (
				FE14B29A24390907000AA8D7 /* cute_image.jpg */,
				FE14B29B24390907000AA8D7 /* nice_music.ogg */,
				FE14B29C24390907000AA8D7 /* sansation.ttf */,
				FE14B29D24390907000AA8D7 /* icon.png */,
			);
			path = Resources;
			sourceTree = "<group>";
		};
/* End PBXGroup section */

/* Begin PBXNativeTarget section */
		FE14B29324390907000AA8D7 /* Sorting_Algorithm_Visualizer */ = {
			isa = PBXNativeTarget;
			buildConfigurationList = FE14B2A024390907000AA8D7 /* Build configuration list for PBXNativeTarget "Sorting_Algorithm_Visualizer" */;
			buildPhases = (
				FE14B29124390907000AA8D7 /* Sources */,
				FE14B29224390907000AA8D7 /* Frameworks */,
			);
			buildRules = (
			);
			dependencies = (
			);
			name = Sorting_Algorithm_Visualizer;
			productName = Sorting_Algorithm_Visualizer;
			productReference = FE14B29424390907000AA8D7 /* Sorting_Algorithm_Visualizer */;
			productType = "com.apple.product-type.tool";
		};
/* End PBXNativeTarget section */

/* Begin PBXProject section */
		FE14B28D24390907000AA8D7 /* Project object */ = {
			isa = PBXProject;
			attributes = {
				LastUpgradeCheck = 1140;
				ORGANIZATIONNAME = "Haley Lai";
				TargetAttributes = {
					FE14B29324390907000AA8D7 = {
						CreatedOnToolsVersion = 11.4;
					};
				};
			};
			buildConfigurationList = FE14B29024390907000AA8D7 /* Build configuration list for PBXProject "Sorting_Algorithm_Visualizer" */;
			compatibilityVersion = "Xcode 9.3";
			developmentRegion = en;
			hasScannedForEncodings = 0;
			knownRegions = (
				en,
				Base,
			);
			mainGroup = FE14B28C24390907000AA8D7;
			productRefGroup = FE14B29524390907000AA8D7 /* Products */;
			projectDirPath = "";
			projectRoot = "";
			targets = (
				FE14B29324390907000AA8D7 /* Sorting_Algorithm_Visualizer */,
			);
		};
/* End PBXProject section */

/* Begin PBXSourcesBuildPhase section */
		FE14B29124390907000AA8D7 /* Sources */ = {
			isa = PBXSourcesBuildPhase;
			buildActionMask = 2147483647;
			files = (
				FE14B29824390907000AA8D7 /* main.cpp in Sources */,
			);
			runOnlyForDeploymentPostprocessing = 0;
		};
/* End PBXSourcesBuildPhase section */

/* Begin XCBuildConfiguration section */
		FE14B29E24390907000AA8D7 /* Debug */ = {
			isa = XCBuildConfiguration;
			buildSettings = {
				ARCHS = "$(NATIVE_ARCH_ACTUAL)";
				CLANG_CXX_LANGUAGE_STANDARD = "c++11";
				CLANG_CXX_LIBRARY = "libc++";
				FRAMEWORK_SEARCH_PATHS = (
					/Library/Frameworks/,
					"$(inherited)",
				);
				GCC_VERSION = com.apple.compilers.llvm.clang.1_0;
				HEADER_SEARCH_PATHS = (
					/usr/local/include/,
					"$(inherited)",
				);
				LIBRARY_SEARCH_PATHS = (
					/usr/local/lib/,
					"$(inherited)",
				);
				MACOSX_DEPLOYMENT_TARGET = 10.7;
				OTHER_LDFLAGS = (
					"$(inherited)",
					"$(SFML_SYSTEM)",
					"$(SFML_WINDOW)",
					"$(SFML_GRAPHICS)",
					"$(SFML_AUDIO)",
					"$(SFML_NETWORK)",
				);
				SFML_AUDIO = "";
				SFML_BINARY_TYPE = FRAMEWORKS;
				SFML_GRAPHICS = "$(SFML_LINK_PREFIX) sfml-graphics$(SFML_LINK_SUFFIX)";
				SFML_LINK_DYLIBS_PREFIX = "-l";
				SFML_LINK_DYLIBS_SUFFIX = "";
				SFML_LINK_FRAMEWORKS_PREFIX = "-framework";
				SFML_LINK_FRAMEWORKS_SUFFIX = "";
				SFML_LINK_PREFIX = "$(SFML_LINK_$(SFML_BINARY_TYPE)_PREFIX)";
				SFML_LINK_SUFFIX = "$(SFML_LINK_$(SFML_BINARY_TYPE)_SUFFIX)";
				SFML_NETWORK = "";
				SFML_SYSTEM = "$(SFML_LINK_PREFIX) sfml-system$(SFML_LINK_SUFFIX)";
				SFML_WINDOW = "$(SFML_LINK_PREFIX) sfml-window$(SFML_LINK_SUFFIX)";
				SUPPORTED_PLATFORMS = macosx;
			};
			name = Debug;
		};
		FE14B29F24390907000AA8D7 /* Release */ = {
			isa = XCBuildConfiguration;
			buildSettings = {
				ARCHS = "$(NATIVE_ARCH_ACTUAL)";
				CLANG_CXX_LANGUAGE_STANDARD = "c++11";
				CLANG_CXX_LIBRARY = "libc++";
				FRAMEWORK_SEARCH_PATHS = (
					/Library/Frameworks/,
					"$(inherited)",
				);
				GCC_VERSION = com.apple.compilers.llvm.clang.1_0;
				HEADER_SEARCH_PATHS = (
					/usr/local/include/,
					"$(inherited)",
				);
				LIBRARY_SEARCH_PATHS = (
					/usr/local/lib/,
					"$(inherited)",
				);
				MACOSX_DEPLOYMENT_TARGET = 10.7;
				OTHER_LDFLAGS = (
					"$(inherited)",
					"$(SFML_SYSTEM)",
					"$(SFML_WINDOW)",
					"$(SFML_GRAPHICS)",
					"$(SFML_AUDIO)",
					"$(SFML_NETWORK)",
				);
				SFML_AUDIO = "";
				SFML_BINARY_TYPE = FRAMEWORKS;
				SFML_GRAPHICS = "$(SFML_LINK_PREFIX) sfml-graphics$(SFML_LINK_SUFFIX)";
				SFML_LINK_DYLIBS_PREFIX = "-l";
				SFML_LINK_DYLIBS_SUFFIX = "";
				SFML_LINK_FRAMEWORKS_PREFIX = "-framework";
				SFML_LINK_FRAMEWORKS_SUFFIX = "";
				SFML_LINK_PREFIX = "$(SFML_LINK_$(SFML_BINARY_TYPE)_PREFIX)";
				SFML_LINK_SUFFIX = "$(SFML_LINK_$(SFML_BINARY_TYPE)_SUFFIX)";
				SFML_NETWORK = "";
				SFML_SYSTEM = "$(SFML_LINK_PREFIX) sfml-system$(SFML_LINK_SUFFIX)";
				SFML_WINDOW = "$(SFML_LINK_PREFIX) sfml-window$(SFML_LINK_SUFFIX)";
				SUPPORTED_PLATFORMS = macosx;
			};
			name = Release;
		};
		FE14B2A124390907000AA8D7 /* Debug */ = {
			isa = XCBuildConfiguration;
			buildSettings = {
				CODE_SIGN_STYLE = Automatic;
				PRODUCT_NAME = "$(TARGET_NAME)";
			};
			name = Debug;
		};
		FE14B2A224390907000AA8D7 /* Release */ = {
			isa = XCBuildConfiguration;
			buildSettings = {
				CODE_SIGN_STYLE = Automatic;
				PRODUCT_NAME = "$(TARGET_NAME)";
			};
			name = Release;
		};
/* End XCBuildConfiguration section */

/* Begin XCConfigurationList section */
		FE14B29024390907000AA8D7 /* Build configuration list for PBXProject "Sorting_Algorithm_Visualizer" */ = {
			isa = XCConfigurationList;
			buildConfigurations = (
				FE14B29E24390907000AA8D7 /* Debug */,
				FE14B29F24390907000AA8D7 /* Release */,
			);
			defaultConfigurationIsVisible = 0;
			defaultConfigurationName = Release;
		};
		FE14B2A024390907000AA8D7 /* Build configuration list for PBXNativeTarget "Sorting_Algorithm_Visualizer" */ = {
			isa = XCConfigurationList;
			buildConfigurations = (
				FE14B2A124390907000AA8D7 /* Debug */,
				FE14B2A224390907000AA8D7 /* Release */,
			);
			defaultConfigurationIsVisible = 0;
			defaultConfigurationName = Release;
		};
/* End XCConfigurationList section */
	};
	rootObject = FE14B28D24390907000AA8D7 /* Project object */;
}
